
Microsoft Visual Studio Solution File, Format Version 12.00
# Visual Studio Version 16
VisualStudioVersion = 16.0.31624.102
MinimumVisualStudioVersion = 10.0.40219.1
Project("{FAE04EC0-301F-11D3-BF4B-00C04F79EFBC}") = "Sandbox", "Sandbox\Sandbox.csproj", "{4FB84273-2D30-4048-B404-2F10E92C0E3E}"
EndProject
Project("{FAE04EC0-301F-11D3-BF4B-00C04F79EFBC}") = "UnitTestEmployeeSalary", "UnitTestEmployeeSalary\UnitTestEmployeeSalary.csproj", "{83CD4895-A547-4B92-8DD6-5FAB71F51925}"
EndProject
Global
	GlobalSection(SolutionConfigurationPlatforms) = preSolution
		Debug|Any CPU = Debug|Any CPU
		Release|Any CPU = Release|Any CPU
	EndGlobalSection
	GlobalSection(ProjectConfigurationPlatforms) = postSolution
		{4FB84273-2D30-4048-B404-2F10E92C0E3E}.Debug|Any CPU.ActiveCfg = Debug|Any CPU
		{4FB84273-2D30-4048-B404-2F10E92C0E3E}.Debug|Any CPU.Build.0 = Debug|Any CPU
		{4FB84273-2D30-4048-B404-2F10E92C0E3E}.Release|Any CPU.ActiveCfg = Release|Any CPU
		{4FB84273-2D30-4048-B404-2F10E92C0E3E}.Release|Any CPU.Build.0 = Release|Any CPU
		{83CD4895-A547-4B92-8DD6-5FAB71F51925}.Debug|Any CPU.ActiveCfg = Debug|Any CPU
		{83CD4895-A547-4B92-8DD6-5FAB71F51925}.Debug|Any CPU.Build.0 = Debug|Any CPU
		{83CD4895-A547-4B92-8DD6-5FAB71F51925}.Release|Any CPU.ActiveCfg = Release|Any CPU
		{83CD4895-A547-4B92-8DD6-5FAB71F51925}.Release|Any CPU.Build.0 = Release|Any CPU
	EndGlobalSection
	GlobalSection(SolutionProperties) = preSolution
		HideSolutionNode = FALSE
	EndGlobalSection
	GlobalSection(ExtensibilityGlobals) = postSolution
		SolutionGuid = {09BBBB3B-76DE-4375-B3FB-ADF8E5AEC570}
	EndGlobalSection
EndGlobal
